
Microsoft Visual Studio Solution File, Format Version 12.00
# Visual Studio 15
VisualStudioVersion = 15.0.26124.0
MinimumVisualStudioVersion = 15.0.26124.0
Project("{2150E333-8FDC-42A3-9474-1A3956D46DE8}") = "src", "src", "{B3905D3E-E994-40AE-8BF1-9CDD4F6B8858}"
EndProject
Project("{FAE04EC0-301F-11D3-BF4B-00C04F79EFBC}") = "PalTracker", "src\PalTracker\PalTracker.csproj", "{6ACA484D-9DAF-4818-8B5F-5ABF1FBEB800}"
EndProject
Project("{2150E333-8FDC-42A3-9474-1A3956D46DE8}") = "test", "test", "{55ADFCF3-A90E-42E1-8A15-C28B528C688B}"
EndProject
Project("{FAE04EC0-301F-11D3-BF4B-00C04F79EFBC}") = "PalTrackerTests", "test\PalTrackerTests\PalTrackerTests.csproj", "{BEDAE978-3476-4EED-8EBF-5DA348625F7C}"
EndProject
Global
	GlobalSection(SolutionConfigurationPlatforms) = preSolution
		Debug|Any CPU = Debug|Any CPU
		Debug|x64 = Debug|x64
		Debug|x86 = Debug|x86
		Release|Any CPU = Release|Any CPU
		Release|x64 = Release|x64
		Release|x86 = Release|x86
	EndGlobalSection
	GlobalSection(SolutionProperties) = preSolution
		HideSolutionNode = FALSE
	EndGlobalSection
	GlobalSection(ProjectConfigurationPlatforms) = postSolution
		{6ACA484D-9DAF-4818-8B5F-5ABF1FBEB800}.Debug|Any CPU.ActiveCfg = Debug|Any CPU
		{6ACA484D-9DAF-4818-8B5F-5ABF1FBEB800}.Debug|Any CPU.Build.0 = Debug|Any CPU
		{6ACA484D-9DAF-4818-8B5F-5ABF1FBEB800}.Debug|x64.ActiveCfg = Debug|Any CPU
		{6ACA484D-9DAF-4818-8B5F-5ABF1FBEB800}.Debug|x64.Build.0 = Debug|Any CPU
		{6ACA484D-9DAF-4818-8B5F-5ABF1FBEB800}.Debug|x86.ActiveCfg = Debug|Any CPU
		{6ACA484D-9DAF-4818-8B5F-5ABF1FBEB800}.Debug|x86.Build.0 = Debug|Any CPU
		{6ACA484D-9DAF-4818-8B5F-5ABF1FBEB800}.Release|Any CPU.ActiveCfg = Release|Any CPU
		{6ACA484D-9DAF-4818-8B5F-5ABF1FBEB800}.Release|Any CPU.Build.0 = Release|Any CPU
		{6ACA484D-9DAF-4818-8B5F-5ABF1FBEB800}.Release|x64.ActiveCfg = Release|Any CPU
		{6ACA484D-9DAF-4818-8B5F-5ABF1FBEB800}.Release|x64.Build.0 = Release|Any CPU
		{6ACA484D-9DAF-4818-8B5F-5ABF1FBEB800}.Release|x86.ActiveCfg = Release|Any CPU
		{6ACA484D-9DAF-4818-8B5F-5ABF1FBEB800}.Release|x86.Build.0 = Release|Any CPU
		{BEDAE978-3476-4EED-8EBF-5DA348625F7C}.Debug|Any CPU.ActiveCfg = Debug|Any CPU
		{BEDAE978-3476-4EED-8EBF-5DA348625F7C}.Debug|Any CPU.Build.0 = Debug|Any CPU
		{BEDAE978-3476-4EED-8EBF-5DA348625F7C}.Debug|x64.ActiveCfg = Debug|Any CPU
		{BEDAE978-3476-4EED-8EBF-5DA348625F7C}.Debug|x64.Build.0 = Debug|Any CPU
		{BEDAE978-3476-4EED-8EBF-5DA348625F7C}.Debug|x86.ActiveCfg = Debug|Any CPU
		{BEDAE978-3476-4EED-8EBF-5DA348625F7C}.Debug|x86.Build.0 = Debug|Any CPU
		{BEDAE978-3476-4EED-8EBF-5DA348625F7C}.Release|Any CPU.ActiveCfg = Release|Any CPU
		{BEDAE978-3476-4EED-8EBF-5DA348625F7C}.Release|Any CPU.Build.0 = Release|Any CPU
		{BEDAE978-3476-4EED-8EBF-5DA348625F7C}.Release|x64.ActiveCfg = Release|Any CPU
		{BEDAE978-3476-4EED-8EBF-5DA348625F7C}.Release|x64.Build.0 = Release|Any CPU
		{BEDAE978-3476-4EED-8EBF-5DA348625F7C}.Release|x86.ActiveCfg = Release|Any CPU
		{BEDAE978-3476-4EED-8EBF-5DA348625F7C}.Release|x86.Build.0 = Release|Any CPU
	EndGlobalSection
	GlobalSection(NestedProjects) = preSolution
		{6ACA484D-9DAF-4818-8B5F-5ABF1FBEB800} = {B3905D3E-E994-40AE-8BF1-9CDD4F6B8858}
		{BEDAE978-3476-4EED-8EBF-5DA348625F7C} = {55ADFCF3-A90E-42E1-8A15-C28B528C688B}
	EndGlobalSection
EndGlobal
